
Microsoft Visual Studio Solution File, Format Version 12.00
# Visual Studio Version 16
VisualStudioVersion = 16.0.32510.428
MinimumVisualStudioVersion = 10.0.40219.1
Project("{FAE04EC0-301F-11D3-BF4B-00C04F79EFBC}") = "FlyApp", "FlyApp\FlyApp.csproj", "{A3D14670-DCED-483E-B2E5-464C015C4C7B}"
EndProject
Global
	GlobalSection(SolutionConfigurationPlatforms) = preSolution
		Debug|Any CPU = Debug|Any CPU
		Release|Any CPU = Release|Any CPU
	EndGlobalSection
	GlobalSection(ProjectConfigurationPlatforms) = postSolution
		{A3D14670-DCED-483E-B2E5-464C015C4C7B}.Debug|Any CPU.ActiveCfg = Debug|Any CPU
		{A3D14670-DCED-483E-B2E5-464C015C4C7B}.Debug|Any CPU.Build.0 = Debug|Any CPU
		{A3D14670-DCED-483E-B2E5-464C015C4C7B}.Release|Any CPU.ActiveCfg = Release|Any CPU
		{A3D14670-DCED-483E-B2E5-464C015C4C7B}.Release|Any CPU.Build.0 = Release|Any CPU
	EndGlobalSection
	GlobalSection(SolutionProperties) = preSolution
		HideSolutionNode = FALSE
	EndGlobalSection
	GlobalSection(ExtensibilityGlobals) = postSolution
		SolutionGuid = {1A79BE4B-D5DA-45E4-8960-93DC6B736AEB}
	EndGlobalSection
EndGlobal
